Microsoft Visual Studio Solution File, Format Version 12.00
# Visual Studio Version 17
VisualStudioVersion = 17.5.2.0
MinimumVisualStudioVersion = 10.0.40219.1
Project("{FAE04EC0-301F-11D3-BF4B-00C04F79EFBC}") = "LLMClippy", "LLMClippy.csproj", "{F653A32B-8BFF-41D3-5698-F6F2C09061D4}"
EndProject
Global
	GlobalSection(SolutionConfigurationPlatforms) = preSolution
		Debug|Any CPU = Debug|Any CPU
		Release|Any CPU = Release|Any CPU
	EndGlobalSection
	GlobalSection(ProjectConfigurationPlatforms) = postSolution
		{F653A32B-8BFF-41D3-5698-F6F2C09061D4}.Debug|Any CPU.ActiveCfg = Debug|Any CPU
		{F653A32B-8BFF-41D3-5698-F6F2C09061D4}.Debug|Any CPU.Build.0 = Debug|Any CPU
		{F653A32B-8BFF-41D3-5698-F6F2C09061D4}.Release|Any CPU.ActiveCfg = Release|Any CPU
		{F653A32B-8BFF-41D3-5698-F6F2C09061D4}.Release|Any CPU.Build.0 = Release|Any CPU
	EndGlobalSection
	GlobalSection(SolutionProperties) = preSolution
		HideSolutionNode = FALSE
	EndGlobalSection
	GlobalSection(ExtensibilityGlobals) = postSolution
		SolutionGuid = {D64E076F-DD41-4E54-95FC-2E568F6D87DA}
	EndGlobalSection
EndGlobal
